
Microsoft Visual Studio Solution File, Format Version 12.00
# Visual Studio Version 17
VisualStudioVersion = 17.5.002.0
MinimumVisualStudioVersion = 10.0.40219.1
Project("{9A19103F-16F7-4668-BE54-9A1E7A4F7556}") = "PriceControlApi", "PriceControlApi.csproj", "{31575B3C-9742-457F-8DB6-DFF17C61221E}"
EndProject
Global
	GlobalSection(SolutionConfigurationPlatforms) = preSolution
		Debug|Any CPU = Debug|Any CPU
		Release|Any CPU = Release|Any CPU
	EndGlobalSection
	GlobalSection(ProjectConfigurationPlatforms) = postSolution
		{31575B3C-9742-457F-8DB6-DFF17C61221E}.Debug|Any CPU.ActiveCfg = Debug|Any CPU
		{31575B3C-9742-457F-8DB6-DFF17C61221E}.Debug|Any CPU.Build.0 = Debug|Any CPU
		{31575B3C-9742-457F-8DB6-DFF17C61221E}.Release|Any CPU.ActiveCfg = Release|Any CPU
		{31575B3C-9742-457F-8DB6-DFF17C61221E}.Release|Any CPU.Build.0 = Release|Any CPU
	EndGlobalSection
	GlobalSection(SolutionProperties) = preSolution
		HideSolutionNode = FALSE
	EndGlobalSection
	GlobalSection(ExtensibilityGlobals) = postSolution
		SolutionGuid = {48983A7D-95AB-4C63-9F59-10712FBCA79F}
	EndGlobalSection
EndGlobal
