
Microsoft Visual Studio Solution File, Format Version 12.00
# Visual Studio Version 17
VisualStudioVersion = 17.5.002.0
MinimumVisualStudioVersion = 10.0.40219.1
Project("{9A19103F-16F7-4668-BE54-9A1E7A4F7556}") = "FinancialApprovalApi", "FinancialApprovalApi.csproj", "{9E4DAD9A-81B4-4511-9149-8873BEF1F2C4}"
EndProject
Global
	GlobalSection(SolutionConfigurationPlatforms) = preSolution
		Debug|Any CPU = Debug|Any CPU
		Release|Any CPU = Release|Any CPU
	EndGlobalSection
	GlobalSection(ProjectConfigurationPlatforms) = postSolution
		{9E4DAD9A-81B4-4511-9149-8873BEF1F2C4}.Debug|Any CPU.ActiveCfg = Debug|Any CPU
		{9E4DAD9A-81B4-4511-9149-8873BEF1F2C4}.Debug|Any CPU.Build.0 = Debug|Any CPU
		{9E4DAD9A-81B4-4511-9149-8873BEF1F2C4}.Release|Any CPU.ActiveCfg = Release|Any CPU
		{9E4DAD9A-81B4-4511-9149-8873BEF1F2C4}.Release|Any CPU.Build.0 = Release|Any CPU
	EndGlobalSection
	GlobalSection(SolutionProperties) = preSolution
		HideSolutionNode = FALSE
	EndGlobalSection
	GlobalSection(ExtensibilityGlobals) = postSolution
		SolutionGuid = {C0BB0136-B23F-4657-A31B-400F39366AB9}
	EndGlobalSection
EndGlobal
