
Microsoft Visual Studio Solution File, Format Version 12.00
# Visual Studio Version 17
VisualStudioVersion = 17.5.002.0
MinimumVisualStudioVersion = 10.0.40219.1
Project("{9A19103F-16F7-4668-BE54-9A1E7A4F7556}") = "WarehouseApi", "WarehouseApi.csproj", "{46C11D6B-D5AA-4346-81E4-D2519A8353E7}"
EndProject
Global
	GlobalSection(SolutionConfigurationPlatforms) = preSolution
		Debug|Any CPU = Debug|Any CPU
		Release|Any CPU = Release|Any CPU
	EndGlobalSection
	GlobalSection(ProjectConfigurationPlatforms) = postSolution
		{46C11D6B-D5AA-4346-81E4-D2519A8353E7}.Debug|Any CPU.ActiveCfg = Debug|Any CPU
		{46C11D6B-D5AA-4346-81E4-D2519A8353E7}.Debug|Any CPU.Build.0 = Debug|Any CPU
		{46C11D6B-D5AA-4346-81E4-D2519A8353E7}.Release|Any CPU.ActiveCfg = Release|Any CPU
		{46C11D6B-D5AA-4346-81E4-D2519A8353E7}.Release|Any CPU.Build.0 = Release|Any CPU
	EndGlobalSection
	GlobalSection(SolutionProperties) = preSolution
		HideSolutionNode = FALSE
	EndGlobalSection
	GlobalSection(ExtensibilityGlobals) = postSolution
		SolutionGuid = {64EEA4B6-BBA9-4867-9826-F536F4D14C8D}
	EndGlobalSection
EndGlobal
